
Microsoft Visual Studio Solution File, Format Version 12.00
# Visual Studio Version 17
VisualStudioVersion = 17.0.32112.339
MinimumVisualStudioVersion = 10.0.40219.1
Project("{FAE04EC0-301F-11D3-BF4B-00C04F79EFBC}") = "ShiftCodeRedeemer", "ShiftCodeRedeemer\ShiftCodeRedeemer.csproj", "{61FE02CC-E64F-4FCD-9B4F-ABD41F47E489}"
EndProject
Project("{FAE04EC0-301F-11D3-BF4B-00C04F79EFBC}") = "ShifftCodeReddemer.Tests", "ShifftCodeReddemer.Tests\ShifftCodeReddemer.Tests.csproj", "{F1F7B8FD-1892-4628-BB93-39111E8CE60D}"
EndProject
Global
	GlobalSection(SolutionConfigurationPlatforms) = preSolution
		Debug|Any CPU = Debug|Any CPU
		Release|Any CPU = Release|Any CPU
	EndGlobalSection
	GlobalSection(ProjectConfigurationPlatforms) = postSolution
		{61FE02CC-E64F-4FCD-9B4F-ABD41F47E489}.Debug|Any CPU.ActiveCfg = Debug|Any CPU
		{61FE02CC-E64F-4FCD-9B4F-ABD41F47E489}.Debug|Any CPU.Build.0 = Debug|Any CPU
		{61FE02CC-E64F-4FCD-9B4F-ABD41F47E489}.Release|Any CPU.ActiveCfg = Release|Any CPU
		{61FE02CC-E64F-4FCD-9B4F-ABD41F47E489}.Release|Any CPU.Build.0 = Release|Any CPU
		{F1F7B8FD-1892-4628-BB93-39111E8CE60D}.Debug|Any CPU.ActiveCfg = Debug|Any CPU
		{F1F7B8FD-1892-4628-BB93-39111E8CE60D}.Debug|Any CPU.Build.0 = Debug|Any CPU
		{F1F7B8FD-1892-4628-BB93-39111E8CE60D}.Release|Any CPU.ActiveCfg = Release|Any CPU
		{F1F7B8FD-1892-4628-BB93-39111E8CE60D}.Release|Any CPU.Build.0 = Release|Any CPU
	EndGlobalSection
	GlobalSection(SolutionProperties) = preSolution
		HideSolutionNode = FALSE
	EndGlobalSection
	GlobalSection(ExtensibilityGlobals) = postSolution
		SolutionGuid = {2F0B55FE-2D8D-4F4B-BD06-F3E6020E311A}
	EndGlobalSection
EndGlobal
